
Microsoft Visual Studio Solution File, Format Version 12.00
# Visual Studio Version 17
VisualStudioVersion = 17.0.31903.59
MinimumVisualStudioVersion = 10.0.40219.1
Project("{9A19103F-16F7-4668-BE54-9A1E7A4F7556}") = "ProvisionPal", "ProvisionPal\ProvisionPal.csproj", "{928EA599-6C85-4C5E-AEE3-461D959C7DFD}"
EndProject
Project("{00D1A9C2-B5F0-4AF3-8072-F6C62B433612}") = "Database", "Database\Database.sqlproj", "{0C2AF97A-4274-4150-A3EE-E5A0BA310249}"
EndProject
Global
	GlobalSection(SolutionConfigurationPlatforms) = preSolution
		Debug|Any CPU = Debug|Any CPU
		Release|Any CPU = Release|Any CPU
	EndGlobalSection
	GlobalSection(ProjectConfigurationPlatforms) = postSolution
		{928EA599-6C85-4C5E-AEE3-461D959C7DFD}.Debug|Any CPU.ActiveCfg = Debug|Any CPU
		{928EA599-6C85-4C5E-AEE3-461D959C7DFD}.Debug|Any CPU.Build.0 = Debug|Any CPU
		{928EA599-6C85-4C5E-AEE3-461D959C7DFD}.Release|Any CPU.ActiveCfg = Release|Any CPU
		{928EA599-6C85-4C5E-AEE3-461D959C7DFD}.Release|Any CPU.Build.0 = Release|Any CPU
		{0C2AF97A-4274-4150-A3EE-E5A0BA310249}.Debug|Any CPU.ActiveCfg = Debug|Any CPU
		{0C2AF97A-4274-4150-A3EE-E5A0BA310249}.Debug|Any CPU.Build.0 = Debug|Any CPU
		{0C2AF97A-4274-4150-A3EE-E5A0BA310249}.Debug|Any CPU.Deploy.0 = Debug|Any CPU
		{0C2AF97A-4274-4150-A3EE-E5A0BA310249}.Release|Any CPU.ActiveCfg = Release|Any CPU
		{0C2AF97A-4274-4150-A3EE-E5A0BA310249}.Release|Any CPU.Build.0 = Release|Any CPU
		{0C2AF97A-4274-4150-A3EE-E5A0BA310249}.Release|Any CPU.Deploy.0 = Release|Any CPU
	EndGlobalSection
	GlobalSection(SolutionProperties) = preSolution
		HideSolutionNode = FALSE
	EndGlobalSection
	GlobalSection(ExtensibilityGlobals) = postSolution
		SolutionGuid = {E759FDE1-162C-499E-AA0A-7159889EEF51}
	EndGlobalSection
EndGlobal
